
Microsoft Visual Studio Solution File, Format Version 12.00
Project("{FAE04EC0-301F-11D3-BF4B-00C04F79EFBC}") = "project1", "project1\project1.csproj", "{75946D0A-A671-4769-BBB1-2142999CC61F}"
EndProject
Global
	GlobalSection(SolutionConfigurationPlatforms) = preSolution
		Debug|Any CPU = Debug|Any CPU
		Release|Any CPU = Release|Any CPU
	EndGlobalSection
	GlobalSection(ProjectConfigurationPlatforms) = postSolution
		{75946D0A-A671-4769-BBB1-2142999CC61F}.Debug|Any CPU.ActiveCfg = Debug|Any CPU
		{75946D0A-A671-4769-BBB1-2142999CC61F}.Debug|Any CPU.Build.0 = Debug|Any CPU
		{75946D0A-A671-4769-BBB1-2142999CC61F}.Release|Any CPU.ActiveCfg = Release|Any CPU
		{75946D0A-A671-4769-BBB1-2142999CC61F}.Release|Any CPU.Build.0 = Release|Any CPU
	EndGlobalSection
EndGlobal
